PODS:
  - QBImagePickerController (3.4.0)
  - UMengAnalytics (4.1.4)
  - UMengUShare/Core (6.1):
    - UMengUShare/Network
  - UMengUShare/Network (6.1)
  - UMengUShare/Social/QQ (6.1):
    - UMengUShare/Core
  - UMengUShare/Social/WeChat (6.1):
    - UMengUShare/Core
  - UMengUShare/UI (6.1):
    - UMengUShare/Core

DEPENDENCIES:
  - QBImagePickerController (~> 3.4.0)
  - UMengAnalytics
  - UMengUShare/Social/QQ
  - UMengUShare/Social/WeChat
  - UMengUShare/UI

SPEC CHECKSUMS:
  QBImagePickerController: d54cf93db6decf26baf6ed3472f336ef35cae022
  UMengAnalytics: 0bde5737767dfc18afb03a4cd6ba9d57bb2ad10d
  UMengUShare: 6c3902a68a06d01031bed6f426e97b89d4fc504f

PODFILE CHECKSUM: 98430e5b0267d61c2fc73bc95c8ed6d61ecf155f

COCOAPODS: 1.1.1
